
Microsoft Visual Studio Solution File, Format Version 12.00
# Visual Studio 2012
Project("{FAE04EC0-301F-11D3-BF4B-00C04F79EFBC}") = "AegisCore", "AegisCore\AegisCore.csproj", "{56A6CC46-9903-4C87-A04A-5BB258E3BBE5}"
	ProjectSection(ProjectDependencies) = postProject
		{3C450647-B776-4A48-9C50-CC0F195BB7C2} = {3C450647-B776-4A48-9C50-CC0F195BB7C2}
		{A625A5E1-9C41-4EB0-A08D-E4A4E3BA0FCC} = {A625A5E1-9C41-4EB0-A08D-E4A4E3BA0FCC}
	EndProjectSection
EndProject
Project("{FAE04EC0-301F-11D3-BF4B-00C04F79EFBC}") = "WEBUI", "WEBUI\WEBUI.csproj", "{A625A5E1-9C41-4EB0-A08D-E4A4E3BA0FCC}"
EndProject
Project("{FAE04EC0-301F-11D3-BF4B-00C04F79EFBC}") = "WEBBASE", "WEBBASE\WEBBASE.csproj", "{3C450647-B776-4A48-9C50-CC0F195BB7C2}"
EndProject
Global
	GlobalSection(SolutionConfigurationPlatforms) = preSolution
		Debug|Any CPU = Debug|Any CPU
		Release|Any CPU = Release|Any CPU
	EndGlobalSection
	GlobalSection(ProjectConfigurationPlatforms) = postSolution
		{56A6CC46-9903-4C87-A04A-5BB258E3BBE5}.Debug|Any CPU.ActiveCfg = Debug|Any CPU
		{56A6CC46-9903-4C87-A04A-5BB258E3BBE5}.Debug|Any CPU.Build.0 = Debug|Any CPU
		{56A6CC46-9903-4C87-A04A-5BB258E3BBE5}.Release|Any CPU.ActiveCfg = Release|Any CPU
		{56A6CC46-9903-4C87-A04A-5BB258E3BBE5}.Release|Any CPU.Build.0 = Release|Any CPU
		{A625A5E1-9C41-4EB0-A08D-E4A4E3BA0FCC}.Debug|Any CPU.ActiveCfg = Debug|Any CPU
		{A625A5E1-9C41-4EB0-A08D-E4A4E3BA0FCC}.Debug|Any CPU.Build.0 = Debug|Any CPU
		{A625A5E1-9C41-4EB0-A08D-E4A4E3BA0FCC}.Release|Any CPU.ActiveCfg = Release|Any CPU
		{A625A5E1-9C41-4EB0-A08D-E4A4E3BA0FCC}.Release|Any CPU.Build.0 = Release|Any CPU
		{3C450647-B776-4A48-9C50-CC0F195BB7C2}.Debug|Any CPU.ActiveCfg = Debug|Any CPU
		{3C450647-B776-4A48-9C50-CC0F195BB7C2}.Debug|Any CPU.Build.0 = Debug|Any CPU
		{3C450647-B776-4A48-9C50-CC0F195BB7C2}.Release|Any CPU.ActiveCfg = Release|Any CPU
		{3C450647-B776-4A48-9C50-CC0F195BB7C2}.Release|Any CPU.Build.0 = Release|Any CPU
	EndGlobalSection
	GlobalSection(SolutionProperties) = preSolution
		HideSolutionNode = FALSE
	EndGlobalSection
EndGlobal
